{
  "name": "action-get-tag",
  "requires": true,
  "lockfileVersion": 1,
  "dependencies": {
    "@actions/core": {
      "version": "1.5.0",
      "resolved": "https://registry.npmjs.org/@actions/core/-/core-1.5.0.tgz",
      "integrity": "sha512-eDOLH1Nq9zh+PJlYLqEMkS/jLQxhksPNmUGNBHfa4G+tQmnIhzpctxmchETtVGyBOvXgOVVpYuE40+eS4cUnwQ=="
    }
  }
}
